// !$*UTF8*$!
{
	archiveVersion = 1;
	classes = {
	};
	objectVersion = 55;
	objects = {

/* Begin PBXBuildFile section */
		5795A6A827C2EBC0005DC136 /* AppDelegate.swift in Sources */ = {isa = PBXBuildFile; fileRef = 5795A6A727C2EBC0005DC136 /* AppDelegate.swift */; };
		5795A6AA27C2EBC0005DC136 /* SceneDelegate.swift in Sources */ = {isa = PBXBuildFile; fileRef = 5795A6A927C2EBC0005DC136 /* SceneDelegate.swift */; };
		5795A6AC27C2EBC0005DC136 /* FactsViewController.swift in Sources */ = {isa = PBXBuildFile; fileRef = 5795A6AB27C2EBC0005DC136 /* FactsViewController.swift */; };
		5795A6AF27C2EBC0005DC136 /* Main.storyboard in Resources */ = {isa = PBXBuildFile; fileRef = 5795A6AD27C2EBC0005DC136 /* Main.storyboard */; };
		5795A6B127C2EBC2005DC136 /* Assets.xcassets in Resources */ = {isa = PBXBuildFile; fileRef = 5795A6B027C2EBC2005DC136 /* Assets.xcassets */; };
		5795A6B427C2EBC2005DC136 /* LaunchScreen.storyboard in Resources */ = {isa = PBXBuildFile; fileRef = 5795A6B227C2EBC2005DC136 /* LaunchScreen.storyboard */; };
		5795A70827CC66A9005DC136 /* BreedsTableViewController.swift in Sources */ = {isa = PBXBuildFile; fileRef = 5795A70727CC66A9005DC136 /* BreedsTableViewController.swift */; };
		5795A70A27CC6815005DC136 /* breeds.json in Resources */ = {isa = PBXBuildFile; fileRef = 5795A70927CC6815005DC136 /* breeds.json */; };
		5795A70C27CC68AF005DC136 /* Breed.swift in Sources */ = {isa = PBXBuildFile; fileRef = 5795A70B27CC68AF005DC136 /* Breed.swift */; };
		5795A70E27D065F2005DC136 /* BreedDetailViewController.swift in Sources */ = {isa = PBXBuildFile; fileRef = 5795A70D27D065F2005DC136 /* BreedDetailViewController.swift */; };
		57CDC92127D59F3B009A9CCE /* dog-3431913_1920.jpg in Resources */ = {isa = PBXBuildFile; fileRef = 57CDC92027D59F3B009A9CCE /* dog-3431913_1920.jpg */; };
/* End PBXBuildFile section */

/* Begin PBXFileReference section */
		5795A6A427C2EBC0005DC136 /* Happy Dog.app */ = {isa = PBXFileReference; explicitFileType = wrapper.application; includeInIndex = 0; path = "Happy Dog.app"; sourceTree = BUILT_PRODUCTS_DIR; };
		5795A6A727C2EBC0005DC136 /* AppDelegate.swift */ = {isa = PBXFileReference; lastKnownFileType = sourcecode.swift; path = AppDelegate.swift; sourceTree = "<group>"; };
		5795A6A927C2EBC0005DC136 /* SceneDelegate.swift */ = {isa = PBXFileReference; lastKnownFileType = sourcecode.swift; path = SceneDelegate.swift; sourceTree = "<group>"; };
		5795A6AB27C2EBC0005DC136 /* FactsViewController.swift */ = {isa = PBXFileReference; lastKnownFileType = sourcecode.swift; path = FactsViewController.swift; sourceTree = "<group>"; };
		5795A6AE27C2EBC0005DC136 /* Base */ = {isa = PBXFileReference; lastKnownFileType = file.storyboard; name = Base; path = Base.lproj/Main.storyboard; sourceTree = "<group>"; };
		5795A6B027C2EBC2005DC136 /* Assets.xcassets */ = {isa = PBXFileReference; lastKnownFileType = folder.assetcatalog; path = Assets.xcassets; sourceTree = "<group>"; };
		5795A6B327C2EBC2005DC136 /* Base */ = {isa = PBXFileReference; lastKnownFileType = file.storyboard; name = Base; path = Base.lproj/LaunchScreen.storyboard; sourceTree = "<group>"; };
		5795A6B527C2EBC2005DC136 /* Info.plist */ = {isa = PBXFileReference; lastKnownFileType = text.plist.xml; path = Info.plist; sourceTree = "<group>"; };
		5795A70727CC66A9005DC136 /* BreedsTableViewController.swift */ = {isa = PBXFileReference; lastKnownFileType = sourcecode.swift; path = BreedsTableViewController.swift; sourceTree = "<group>"; };
		5795A70927CC6815005DC136 /* breeds.json */ = {isa = PBXFileReference; lastKnownFileType = text.json; path = breeds.json; sourceTree = "<group>"; };
		5795A70B27CC68AF005DC136 /* Breed.swift */ = {isa = PBXFileReference; lastKnownFileType = sourcecode.swift; path = Breed.swift; sourceTree = "<group>"; };
		5795A70D27D065F2005DC136 /* BreedDetailViewController.swift */ = {isa = PBXFileReference; lastKnownFileType = sourcecode.swift; path = BreedDetailViewController.swift; sourceTree = "<group>"; };
		57CDC92027D59F3B009A9CCE /* dog-3431913_1920.jpg */ = {isa = PBXFileReference; lastKnownFileType = image.jpeg; name = "dog-3431913_1920.jpg"; path = "../../../../Downloads/dog-3431913_1920.jpg"; sourceTree = "<group>"; };
/* End PBXFileReference section */

/* Begin PBXFrameworksBuildPhase section */
		5795A6A127C2EBC0005DC136 /* Frameworks */ = {
			isa = PBXFrameworksBuildPhase;
			buildActionMask = 2147483647;
			files = (
			);
			runOnlyForDeploymentPostprocessing = 0;
		};
/* End PBXFrameworksBuildPhase section */

/* Begin PBXGroup section */
		5795A69B27C2EBC0005DC136 = {
			isa = PBXGroup;
			children = (
				5795A6A627C2EBC0005DC136 /* Happy Dog */,
				5795A6A527C2EBC0005DC136 /* Products */,
			);
			sourceTree = "<group>";
		};
		5795A6A527C2EBC0005DC136 /* Products */ = {
			isa = PBXGroup;
			children = (
				5795A6A427C2EBC0005DC136 /* Happy Dog.app */,
			);
			name = Products;
			sourceTree = "<group>";
		};
		5795A6A627C2EBC0005DC136 /* Happy Dog */ = {
			isa = PBXGroup;
			children = (
				5795A70D27D065F2005DC136 /* BreedDetailViewController.swift */,
				5795A6A727C2EBC0005DC136 /* AppDelegate.swift */,
				5795A6A927C2EBC0005DC136 /* SceneDelegate.swift */,
				5795A6AB27C2EBC0005DC136 /* FactsViewController.swift */,
				5795A70727CC66A9005DC136 /* BreedsTableViewController.swift */,
				5795A6AD27C2EBC0005DC136 /* Main.storyboard */,
				5795A6B027C2EBC2005DC136 /* Assets.xcassets */,
				5795A6B227C2EBC2005DC136 /* LaunchScreen.storyboard */,
				5795A6B527C2EBC2005DC136 /* Info.plist */,
				5795A70927CC6815005DC136 /* breeds.json */,
				5795A70B27CC68AF005DC136 /* Breed.swift */,
				57CDC92027D59F3B009A9CCE /* dog-3431913_1920.jpg */,
			);
			path = "Happy Dog";
			sourceTree = "<group>";
		};
/* End PBXGroup section */

/* Begin PBXNativeTarget section */
		5795A6A327C2EBC0005DC136 /* Happy Dog */ = {
			isa = PBXNativeTarget;
			buildConfigurationList = 5795A6B827C2EBC2005DC136 /* Build configuration list for PBXNativeTarget "Happy Dog" */;
			buildPhases = (
				5795A6A027C2EBC0005DC136 /* Sources */,
				5795A6A127C2EBC0005DC136 /* Frameworks */,
				5795A6A227C2EBC0005DC136 /* Resources */,
			);
			buildRules = (
			);
			dependencies = (
			);
			name = "Happy Dog";
			productName = "Happy Dog";
			productReference = 5795A6A427C2EBC0005DC136 /* Happy Dog.app */;
			productType = "com.apple.product-type.application";
		};
/* End PBXNativeTarget section */

/* Begin PBXProject section */
		5795A69C27C2EBC0005DC136 /* Project object */ = {
			isa = PBXProject;
			attributes = {
				BuildIndependentTargetsInParallel = 1;
				LastSwiftUpdateCheck = 1320;
				LastUpgradeCheck = 1320;
				TargetAttributes = {
					5795A6A327C2EBC0005DC136 = {
						CreatedOnToolsVersion = 13.2.1;
					};
				};
			};
			buildConfigurationList = 5795A69F27C2EBC0005DC136 /* Build configuration list for PBXProject "Happy Dog" */;
			compatibilityVersion = "Xcode 13.0";
			developmentRegion = en;
			hasScannedForEncodings = 0;
			knownRegions = (
				en,
				Base,
			);
			mainGroup = 5795A69B27C2EBC0005DC136;
			productRefGroup = 5795A6A527C2EBC0005DC136 /* Products */;
			projectDirPath = "";
			projectRoot = "";
			targets = (
				5795A6A327C2EBC0005DC136 /* Happy Dog */,
			);
		};
/* End PBXProject section */

/* Begin PBXResourcesBuildPhase section */
		5795A6A227C2EBC0005DC136 /* Resources */ = {
			isa = PBXResourcesBuildPhase;
			buildActionMask = 2147483647;
			files = (
				5795A70A27CC6815005DC136 /* breeds.json in Resources */,
				57CDC92127D59F3B009A9CCE /* dog-3431913_1920.jpg in Resources */,
				5795A6B427C2EBC2005DC136 /* LaunchScreen.storyboard in Resources */,
				5795A6B127C2EBC2005DC136 /* Assets.xcassets in Resources */,
				5795A6AF27C2EBC0005DC136 /* Main.storyboard in Resources */,
			);
			runOnlyForDeploymentPostprocessing = 0;
		};
/* End PBXResourcesBuildPhase section */

/* Begin PBXSourcesBuildPhase section */
		5795A6A027C2EBC0005DC136 /* Sources */ = {
			isa = PBXSourcesBuildPhase;
			buildActionMask = 2147483647;
			files = (
				5795A6AC27C2EBC0005DC136 /* FactsViewController.swift in Sources */,
				5795A6A827C2EBC0005DC136 /* AppDelegate.swift in Sources */,
				5795A70C27CC68AF005DC136 /* Breed.swift in Sources */,
				5795A70827CC66A9005DC136 /* BreedsTableViewController.swift in Sources */,
				5795A70E27D065F2005DC136 /* BreedDetailViewController.swift in Sources */,
				5795A6AA27C2EBC0005DC136 /* SceneDelegate.swift in Sources */,
			);
			runOnlyForDeploymentPostprocessing = 0;
		};
/* End PBXSourcesBuildPhase section */

/* Begin PBXVariantGroup section */
		5795A6AD27C2EBC0005DC136 /* Main.storyboard */ = {
			isa = PBXVariantGroup;
			children = (
				5795A6AE27C2EBC0005DC136 /* Base */,
			);
			name = Main.storyboard;
			sourceTree = "<group>";
		};
		5795A6B227C2EBC2005DC136 /* LaunchScreen.storyboard */ = {
			isa = PBXVariantGroup;
			children = (
				5795A6B327C2EBC2005DC136 /* Base */,
			);
			name = LaunchScreen.storyboard;
			sourceTree = "<group>";
		};
/* End PBXVariantGroup section */

/* Begin XCBuildConfiguration section */
		5795A6B627C2EBC2005DC136 /* Debug */ = {
			isa = XCBuildConfiguration;
			buildSettings = {
				ALWAYS_SEARCH_USER_PATHS = NO;
				CLANG_ANALYZER_NONNULL = YES;
				CLANG_ANALYZER_NUMBER_OBJECT_CONVERSION = YES_AGGRESSIVE;
				CLANG_CXX_LANGUAGE_STANDARD = "gnu++17";
				CLANG_CXX_LIBRARY = "libc++";
				CLANG_ENABLE_MODULES = YES;
				CLANG_ENABLE_OBJC_ARC = YES;
				CLANG_ENABLE_OBJC_WEAK = YES;
				CLANG_WARN_BLOCK_CAPTURE_AUTORELEASING = YES;
				CLANG_WARN_BOOL_CONVERSION = YES;
				CLANG_WARN_COMMA = YES;
				CLANG_WARN_CONSTANT_CONVERSION = YES;
				CLANG_WARN_DEPRECATED_OBJC_IMPLEMENTATIONS = YES;
				CLANG_WARN_DIRECT_OBJC_ISA_USAGE = YES_ERROR;
				CLANG_WARN_DOCUMENTATION_COMMENTS = YES;
				CLANG_WARN_EMPTY_BODY = YES;
				CLANG_WARN_ENUM_CONVERSION = YES;
				CLANG_WARN_INFINITE_RECURSION = YES;
				CLANG_WARN_INT_CONVERSION = YES;
				CLANG_WARN_NON_LITERAL_NULL_CONVERSION = YES;
				CLANG_WARN_OBJC_IMPLICIT_RETAIN_SELF = YES;
				CLANG_WARN_OBJC_LITERAL_CONVERSION = YES;
				CLANG_WARN_OBJC_ROOT_CLASS = YES_ERROR;
				CLANG_WARN_QUOTED_INCLUDE_IN_FRAMEWORK_HEADER = YES;
				CLANG_WARN_RANGE_LOOP_ANALYSIS = YES;
				CLANG_WARN_STRICT_PROTOTYPES = YES;
				CLANG_WARN_SUSPICIOUS_MOVE = YES;
				CLANG_WARN_UNGUARDED_AVAILABILITY = YES_AGGRESSIVE;
				CLANG_WARN_UNREACHABLE_CODE = YES;
				CLANG_WARN__DUPLICATE_METHOD_MATCH = YES;
				COPY_PHASE_STRIP = NO;
				DEBUG_INFORMATION_FORMAT = dwarf;
				ENABLE_STRICT_OBJC_MSGSEND = YES;
				ENABLE_TESTABILITY = YES;
				GCC_C_LANGUAGE_STANDARD = gnu11;
				GCC_DYNAMIC_NO_PIC = NO;
				GCC_NO_COMMON_BLOCKS = YES;
				GCC_OPTIMIZATION_LEVEL = 0;
				GCC_PREPROCESSOR_DEFINITIONS = (
					"DEBUG=1",
					"$(inherited)",
				);
				GCC_WARN_64_TO_32_BIT_CONVERSION = YES;
				GCC_WARN_ABOUT_RETURN_TYPE = YES_ERROR;
				GCC_WARN_UNDECLARED_SELECTOR = YES;
				GCC_WARN_UNINITIALIZED_AUTOS = YES_AGGRESSIVE;
				GCC_WARN_UNUSED_FUNCTION = YES;
				GCC_WARN_UNUSED_VARIABLE = YES;
				IPHONEOS_DEPLOYMENT_TARGET = 15.2;
				MTL_ENABLE_DEBUG_INFO = INCLUDE_SOURCE;
				MTL_FAST_MATH = YES;
				ONLY_ACTIVE_ARCH = YES;
				SDKROOT = iphoneos;
				SWIFT_ACTIVE_COMPILATION_CONDITIONS = DEBUG;
				SWIFT_OPTIMIZATION_LEVEL = "-Onone";
			};
			name = Debug;
		};
		5795A6B727C2EBC2005DC136 /* Release */ = {
			isa = XCBuildConfiguration;
			buildSettings = {
				ALWAYS_SEARCH_USER_PATHS = NO;
				CLANG_ANALYZER_NONNULL = YES;
				CLANG_ANALYZER_NUMBER_OBJECT_CONVERSION = YES_AGGRESSIVE;
				CLANG_CXX_LANGUAGE_STANDARD = "gnu++17";
				CLANG_CXX_LIBRARY = "libc++";
				CLANG_ENABLE_MODULES = YES;
				CLANG_ENABLE_OBJC_ARC = YES;
				CLANG_ENABLE_OBJC_WEAK = YES;
				CLANG_WARN_BLOCK_CAPTURE_AUTORELEASING = YES;
				CLANG_WARN_BOOL_CONVERSION = YES;
				CLANG_WARN_COMMA = YES;
				CLANG_WARN_CONSTANT_CONVERSION = YES;
				CLANG_WARN_DEPRECATED_OBJC_IMPLEMENTATIONS = YES;
				CLANG_WARN_DIRECT_OBJC_ISA_USAGE = YES_ERROR;
				CLANG_WARN_DOCUMENTATION_COMMENTS = YES;
				CLANG_WARN_EMPTY_BODY = YES;
				CLANG_WARN_ENUM_CONVERSION = YES;
				CLANG_WARN_INFINITE_RECURSION = YES;
				CLANG_WARN_INT_CONVERSION = YES;
				CLANG_WARN_NON_LITERAL_NULL_CONVERSION = YES;
				CLANG_WARN_OBJC_IMPLICIT_RETAIN_SELF = YES;
				CLANG_WARN_OBJC_LITERAL_CONVERSION = YES;
				CLANG_WARN_OBJC_ROOT_CLASS = YES_ERROR;
				CLANG_WARN_QUOTED_INCLUDE_IN_FRAMEWORK_HEADER = YES;
				CLANG_WARN_RANGE_LOOP_ANALYSIS = YES;
				CLANG_WARN_STRICT_PROTOTYPES = YES;
				CLANG_WARN_SUSPICIOUS_MOVE = YES;
				CLANG_WARN_UNGUARDED_AVAILABILITY = YES_AGGRESSIVE;
				CLANG_WARN_UNREACHABLE_CODE = YES;
				CLANG_WARN__DUPLICATE_METHOD_MATCH = YES;
				COPY_PHASE_STRIP = NO;
				DEBUG_INFORMATION_FORMAT = "dwarf-with-dsym";
				ENABLE_NS_ASSERTIONS = NO;
				ENABLE_STRICT_OBJC_MSGSEND = YES;
				GCC_C_LANGUAGE_STANDARD = gnu11;
				GCC_NO_COMMON_BLOCKS = YES;
				GCC_WARN_64_TO_32_BIT_CONVERSION = YES;
				GCC_WARN_ABOUT_RETURN_TYPE = YES_ERROR;
				GCC_WARN_UNDECLARED_SELECTOR = YES;
				GCC_WARN_UNINITIALIZED_AUTOS = YES_AGGRESSIVE;
				GCC_WARN_UNUSED_FUNCTION = YES;
				GCC_WARN_UNUSED_VARIABLE = YES;
				IPHONEOS_DEPLOYMENT_TARGET = 15.2;
				MTL_ENABLE_DEBUG_INFO = NO;
				MTL_FAST_MATH = YES;
				SDKROOT = iphoneos;
				SWIFT_COMPILATION_MODE = wholemodule;
				SWIFT_OPTIMIZATION_LEVEL = "-O";
				VALIDATE_PRODUCT = YES;
			};
			name = Release;
		};
		5795A6B927C2EBC2005DC136 /* Debug */ = {
			isa = XCBuildConfiguration;
			buildSettings = {
				ASSETCATALOG_COMPILER_APPICON_NAME = AppIcon;
				ASSETCATALOG_COMPILER_GLOBAL_ACCENT_COLOR_NAME = AccentColor;
				CODE_SIGN_STYLE = Automatic;
				CURRENT_PROJECT_VERSION = 1;
				DEVELOPMENT_TEAM = V9PLB25C48;
				GENERATE_INFOPLIST_FILE = YES;
				INFOPLIST_FILE = "Happy Dog/Info.plist";
				INFOPLIST_KEY_UIApplicationSupportsIndirectInputEvents = YES;
				INFOPLIST_KEY_UILaunchStoryboardName = LaunchScreen;
				INFOPLIST_KEY_UIMainStoryboardFile = Main;
				INFOPLIST_KEY_UISupportedInterfaceOrientations_iPad = "UIInterfaceOrientationPortrait UIInterfaceOrientationPortraitUpsideDown UIInterfaceOrientationLandscapeLeft UIInterfaceOrientationLandscapeRight";
				INFOPLIST_KEY_UISupportedInterfaceOrientations_iPhone = "UIInterfaceOrientationPortrait UIInterfaceOrientationLandscapeLeft UIInterfaceOrientationLandscapeRight";
				LD_RUNPATH_SEARCH_PATHS = (
					"$(inherited)",
					"@executable_path/Frameworks",
				);
				MARKETING_VERSION = 1.0;
				PRODUCT_BUNDLE_IDENTIFIER = "com.olivia.Happy-Dog";
				PRODUCT_NAME = "$(TARGET_NAME)";
				SWIFT_EMIT_LOC_STRINGS = YES;
				SWIFT_VERSION = 5.0;
				TARGETED_DEVICE_FAMILY = "1,2";
			};
			name = Debug;
		};
		5795A6BA27C2EBC2005DC136 /* Release */ = {
			isa = XCBuildConfiguration;
			buildSettings = {
				ASSETCATALOG_COMPILER_APPICON_NAME = AppIcon;
				ASSETCATALOG_COMPILER_GLOBAL_ACCENT_COLOR_NAME = AccentColor;
				CODE_SIGN_STYLE = Automatic;
				CURRENT_PROJECT_VERSION = 1;
				DEVELOPMENT_TEAM = V9PLB25C48;
				GENERATE_INFOPLIST_FILE = YES;
				INFOPLIST_FILE = "Happy Dog/Info.plist";
				INFOPLIST_KEY_UIApplicationSupportsIndirectInputEvents = YES;
				INFOPLIST_KEY_UILaunchStoryboardName = LaunchScreen;
				INFOPLIST_KEY_UIMainStoryboardFile = Main;
				INFOPLIST_KEY_UISupportedInterfaceOrientations_iPad = "UIInterfaceOrientationPortrait UIInterfaceOrientationPortraitUpsideDown UIInterfaceOrientationLandscapeLeft UIInterfaceOrientationLandscapeRight";
				INFOPLIST_KEY_UISupportedInterfaceOrientations_iPhone = "UIInterfaceOrientationPortrait UIInterfaceOrientationLandscapeLeft UIInterfaceOrientationLandscapeRight";
				LD_RUNPATH_SEARCH_PATHS = (
					"$(inherited)",
					"@executable_path/Frameworks",
				);
				MARKETING_VERSION = 1.0;
				PRODUCT_BUNDLE_IDENTIFIER = "com.olivia.Happy-Dog";
				PRODUCT_NAME = "$(TARGET_NAME)";
				SWIFT_EMIT_LOC_STRINGS = YES;
				SWIFT_VERSION = 5.0;
				TARGETED_DEVICE_FAMILY = "1,2";
			};
			name = Release;
		};
/* End XCBuildConfiguration section */

/* Begin XCConfigurationList section */
		5795A69F27C2EBC0005DC136 /* Build configuration list for PBXProject "Happy Dog" */ = {
			isa = XCConfigurationList;
			buildConfigurations = (
				5795A6B627C2EBC2005DC136 /* Debug */,
				5795A6B727C2EBC2005DC136 /* Release */,
			);
			defaultConfigurationIsVisible = 0;
			defaultConfigurationName = Release;
		};
		5795A6B827C2EBC2005DC136 /* Build configuration list for PBXNativeTarget "Happy Dog" */ = {
			isa = XCConfigurationList;
			buildConfigurations = (
				5795A6B927C2EBC2005DC136 /* Debug */,
				5795A6BA27C2EBC2005DC136 /* Release */,
			);
			defaultConfigurationIsVisible = 0;
			defaultConfigurationName = Release;
		};
/* End XCConfigurationList section */
	};
	rootObject = 5795A69C27C2EBC0005DC136 /* Project object */;
}
